// !$*UTF8*$!
{
	archiveVersion = 1;
	classes = {
	};
	objectVersion = 46;
	objects = {

/* Begin PBXBuildFile section */
		D86704CB19FB496C00298F95 /* AppDelegate.swift in Sources */ = {isa = PBXBuildFile; fileRef = D86704CA19FB496C00298F95 /* AppDelegate.swift */; };
		D86704CD19FB496C00298F95 /* ViewController.swift in Sources */ = {isa = PBXBuildFile; fileRef = D86704CC19FB496C00298F95 /* ViewController.swift */; };
		D86704D019FB496D00298F95 /* Main.storyboard in Resources */ = {isa = PBXBuildFile; fileRef = D86704CE19FB496D00298F95 /* Main.storyboard */; };
		D86704D219FB496D00298F95 /* Images.xcassets in Resources */ = {isa = PBXBuildFile; fileRef = D86704D119FB496D00298F95 /* Images.xcassets */; };
		D86704D519FB496D00298F95 /* LaunchScreen.xib in Resources */ = {isa = PBXBuildFile; fileRef = D86704D319FB496D00298F95 /* LaunchScreen.xib */; };
		D86704E119FB496D00298F95 /* ourCounterAppTests.swift in Sources */ = {isa = PBXBuildFile; fileRef = D86704E019FB496D00298F95 /* ourCounterAppTests.swift */; };
/* End PBXBuildFile section */

/* Begin PBXContainerItemProxy section */
		D86704DB19FB496D00298F95 /* PBXContainerItemProxy */ = {
			isa = PBXContainerItemProxy;
			containerPortal = D86704BD19FB496B00298F95 /* Project object */;
			proxyType = 1;
			remoteGlobalIDString = D86704C419FB496C00298F95;
			remoteInfo = ourCounterApp;
		};
/* End PBXContainerItemProxy section */

/* Begin PBXFileReference section */
		D86704C519FB496C00298F95 /* ourCounterApp.app */ = {isa = PBXFileReference; explicitFileType = wrapper.application; includeInIndex = 0; path = ourCounterApp.app; sourceTree = BUILT_PRODUCTS_DIR; };
		D86704C919FB496C00298F95 /* Info.plist */ = {isa = PBXFileReference; lastKnownFileType = text.plist.xml; path = Info.plist; sourceTree = "<group>"; };
		D86704CA19FB496C00298F95 /* AppDelegate.swift */ = {isa = PBXFileReference; lastKnownFileType = sourcecode.swift; path = AppDelegate.swift; sourceTree = "<group>"; };
		D86704CC19FB496C00298F95 /* ViewController.swift */ = {isa = PBXFileReference; lastKnownFileType = sourcecode.swift; path = ViewController.swift; sourceTree = "<group>"; };
		D86704CF19FB496D00298F95 /* Base */ = {isa = PBXFileReference; lastKnownFileType = file.storyboard; name = Base; path = Base.lproj/Main.storyboard; sourceTree = "<group>"; };
		D86704D119FB496D00298F95 /* Images.xcassets */ = {isa = PBXFileReference; lastKnownFileType = folder.assetcatalog; path = Images.xcassets; sourceTree = "<group>"; };
		D86704D419FB496D00298F95 /* Base */ = {isa = PBXFileReference; lastKnownFileType = file.xib; name = Base; path = Base.lproj/LaunchScreen.xib; sourceTree = "<group>"; };
		D86704DA19FB496D00298F95 /* ourCounterAppTests.xctest */ = {isa = PBXFileReference; explicitFileType = wrapper.cfbundle; includeInIndex = 0; path = ourCounterAppTests.xctest; sourceTree = BUILT_PRODUCTS_DIR; };
		D86704DF19FB496D00298F95 /* Info.plist */ = {isa = PBXFileReference; lastKnownFileType = text.plist.xml; path = Info.plist; sourceTree = "<group>"; };
		D86704E019FB496D00298F95 /* ourCounterAppTests.swift */ = {isa = PBXFileReference; lastKnownFileType = sourcecode.swift; path = ourCounterAppTests.swift; sourceTree = "<group>"; };
/* End PBXFileReference section */

/* Begin PBXFrameworksBuildPhase section */
		D86704C219FB496C00298F95 /* Frameworks */ = {
			isa = PBXFrameworksBuildPhase;
			buildActionMask = 2147483647;
			files = (
			);
			runOnlyForDeploymentPostprocessing = 0;
		};
		D86704D719FB496D00298F95 /* Frameworks */ = {
			isa = PBXFrameworksBuildPhase;
			buildActionMask = 2147483647;
			files = (
			);
			runOnlyForDeploymentPostprocessing = 0;
		};
/* End PBXFrameworksBuildPhase section */

/* Begin PBXGroup section */
		D86704BC19FB496B00298F95 = {
			isa = PBXGroup;
			children = (
				D86704C719FB496C00298F95 /* ourCounterApp */,
				D86704DD19FB496D00298F95 /* ourCounterAppTests */,
				D86704C619FB496C00298F95 /* Products */,
			);
			sourceTree = "<group>";
		};
		D86704C619FB496C00298F95 /* Products */ = {
			isa = PBXGroup;
			children = (
				D86704C519FB496C00298F95 /* ourCounterApp.app */,
				D86704DA19FB496D00298F95 /* ourCounterAppTests.xctest */,
			);
			name = Products;
			sourceTree = "<group>";
		};
		D86704C719FB496C00298F95 /* ourCounterApp */ = {
			isa = PBXGroup;
			children = (
				D86704CA19FB496C00298F95 /* AppDelegate.swift */,
				D86704CC19FB496C00298F95 /* ViewController.swift */,
				D86704CE19FB496D00298F95 /* Main.storyboard */,
				D86704D119FB496D00298F95 /* Images.xcassets */,
				D86704D319FB496D00298F95 /* LaunchScreen.xib */,
				D86704C819FB496C00298F95 /* Supporting Files */,
			);
			path = ourCounterApp;
			sourceTree = "<group>";
		};
		D86704C819FB496C00298F95 /* Supporting Files */ = {
			isa = PBXGroup;
			children = (
				D86704C919FB496C00298F95 /* Info.plist */,
			);
			name = "Supporting Files";
			sourceTree = "<group>";
		};
		D86704DD19FB496D00298F95 /* ourCounterAppTests */ = {
			isa = PBXGroup;
			children = (
				D86704E019FB496D00298F95 /* ourCounterAppTests.swift */,
				D86704DE19FB496D00298F95 /* Supporting Files */,
			);
			path = ourCounterAppTests;
			sourceTree = "<group>";
		};
		D86704DE19FB496D00298F95 /* Supporting Files */ = {
			isa = PBXGroup;
			children = (
				D86704DF19FB496D00298F95 /* Info.plist */,
			);
			name = "Supporting Files";
			sourceTree = "<group>";
		};
/* End PBXGroup section */

/* Begin PBXNativeTarget section */
		D86704C419FB496C00298F95 /* ourCounterApp */ = {
			isa = PBXNativeTarget;
			buildConfigurationList = D86704E419FB496D00298F95 /* Build configuration list for PBXNativeTarget "ourCounterApp" */;
			buildPhases = (
				D86704C119FB496C00298F95 /* Sources */,
				D86704C219FB496C00298F95 /* Frameworks */,
				D86704C319FB496C00298F95 /* Resources */,
			);
			buildRules = (
			);
			dependencies = (
			);
			name = ourCounterApp;
			productName = ourCounterApp;
			productReference = D86704C519FB496C00298F95 /* ourCounterApp.app */;
			productType = "com.apple.product-type.application";
		};
		D86704D919FB496D00298F95 /* ourCounterAppTests */ = {
			isa = PBXNativeTarget;
			buildConfigurationList = D86704E719FB496D00298F95 /* Build configuration list for PBXNativeTarget "ourCounterAppTests" */;
			buildPhases = (
				D86704D619FB496D00298F95 /* Sources */,
				D86704D719FB496D00298F95 /* Frameworks */,
				D86704D819FB496D00298F95 /* Resources */,
			);
			buildRules = (
			);
			dependencies = (
				D86704DC19FB496D00298F95 /* PBXTargetDependency */,
			);
			name = ourCounterAppTests;
			productName = ourCounterAppTests;
			productReference = D86704DA19FB496D00298F95 /* ourCounterAppTests.xctest */;
			productType = "com.apple.product-type.bundle.unit-test";
		};
/* End PBXNativeTarget section */

/* Begin PBXProject section */
		D86704BD19FB496B00298F95 /* Project object */ = {
			isa = PBXProject;
			attributes = {
				LastUpgradeCheck = 0610;
				ORGANIZATIONNAME = "Nathan Werrede";
				TargetAttributes = {
					D86704C419FB496C00298F95 = {
						CreatedOnToolsVersion = 6.1;
					};
					D86704D919FB496D00298F95 = {
						CreatedOnToolsVersion = 6.1;
						TestTargetID = D86704C419FB496C00298F95;
					};
				};
			};
			buildConfigurationList = D86704C019FB496B00298F95 /* Build configuration list for PBXProject "ourCounterApp" */;
			compatibilityVersion = "Xcode 3.2";
			developmentRegion = English;
			hasScannedForEncodings = 0;
			knownRegions = (
				en,
				Base,
			);
			mainGroup = D86704BC19FB496B00298F95;
			productRefGroup = D86704C619FB496C00298F95 /* Products */;
			projectDirPath = "";
			projectRoot = "";
			targets = (
				D86704C419FB496C00298F95 /* ourCounterApp */,
				D86704D919FB496D00298F95 /* ourCounterAppTests */,
			);
		};
/* End PBXProject section */

/* Begin PBXResourcesBuildPhase section */
		D86704C319FB496C00298F95 /* Resources */ = {
			isa = PBXResourcesBuildPhase;
			buildActionMask = 2147483647;
			files = (
				D86704D019FB496D00298F95 /* Main.storyboard in Resources */,
				D86704D519FB496D00298F95 /* LaunchScreen.xib in Resources */,
				D86704D219FB496D00298F95 /* Images.xcassets in Resources */,
			);
			runOnlyForDeploymentPostprocessing = 0;
		};
		D86704D819FB496D00298F95 /* Resources */ = {
			isa = PBXResourcesBuildPhase;
			buildActionMask = 2147483647;
			files = (
			);
			runOnlyForDeploymentPostprocessing = 0;
		};
/* End PBXResourcesBuildPhase section */

/* Begin PBXSourcesBuildPhase section */
		D86704C119FB496C00298F95 /* Sources */ = {
			isa = PBXSourcesBuildPhase;
			buildActionMask = 2147483647;
			files = (
				D86704CD19FB496C00298F95 /* ViewController.swift in Sources */,
				D86704CB19FB496C00298F95 /* AppDelegate.swift in Sources */,
			);
			runOnlyForDeploymentPostprocessing = 0;
		};
		D86704D619FB496D00298F95 /* Sources */ = {
			isa = PBXSourcesBuildPhase;
			buildActionMask = 2147483647;
			files = (
				D86704E119FB496D00298F95 /* ourCounterAppTests.swift in Sources */,
			);
			runOnlyForDeploymentPostprocessing = 0;
		};
/* End PBXSourcesBuildPhase section */

/* Begin PBXTargetDependency section */
		D86704DC19FB496D00298F95 /* PBXTargetDependency */ = {
			isa = PBXTargetDependency;
			target = D86704C419FB496C00298F95 /* ourCounterApp */;
			targetProxy = D86704DB19FB496D00298F95 /* PBXContainerItemProxy */;
		};
/* End PBXTargetDependency section */

/* Begin PBXVariantGroup section */
		D86704CE19FB496D00298F95 /* Main.storyboard */ = {
			isa = PBXVariantGroup;
			children = (
				D86704CF19FB496D00298F95 /* Base */,
			);
			name = Main.storyboard;
			sourceTree = "<group>";
		};
		D86704D319FB496D00298F95 /* LaunchScreen.xib */ = {
			isa = PBXVariantGroup;
			children = (
				D86704D419FB496D00298F95 /* Base */,
			);
			name = LaunchScreen.xib;
			sourceTree = "<group>";
		};
/* End PBXVariantGroup section */

/* Begin XCBuildConfiguration section */
		D86704E219FB496D00298F95 /* Debug */ = {
			isa = XCBuildConfiguration;
			buildSettings = {
				ALWAYS_SEARCH_USER_PATHS = NO;
				CLANG_CXX_LANGUAGE_STANDARD = "gnu++0x";
				CLANG_CXX_LIBRARY = "libc++";
				CLANG_ENABLE_MODULES = YES;
				CLANG_ENABLE_OBJC_ARC = YES;
				CLANG_WARN_BOOL_CONVERSION = YES;
				CLANG_WARN_CONSTANT_CONVERSION = YES;
				CLANG_WARN_DIRECT_OBJC_ISA_USAGE = YES_ERROR;
				CLANG_WARN_EMPTY_BODY = YES;
				CLANG_WARN_ENUM_CONVERSION = YES;
				CLANG_WARN_INT_CONVERSION = YES;
				CLANG_WARN_OBJC_ROOT_CLASS = YES_ERROR;
				CLANG_WARN_UNREACHABLE_CODE = YES;
				CLANG_WARN__DUPLICATE_METHOD_MATCH = YES;
				"CODE_SIGN_IDENTITY[sdk=iphoneos*]" = "iPhone Developer";
				COPY_PHASE_STRIP = NO;
				ENABLE_STRICT_OBJC_MSGSEND = YES;
				GCC_C_LANGUAGE_STANDARD = gnu99;
				GCC_DYNAMIC_NO_PIC = NO;
				GCC_OPTIMIZATION_LEVEL = 0;
				GCC_PREPROCESSOR_DEFINITIONS = (
					"DEBUG=1",
					"$(inherited)",
				);
				GCC_SYMBOLS_PRIVATE_EXTERN = NO;
				GCC_WARN_64_TO_32_BIT_CONVERSION = YES;
				GCC_WARN_ABOUT_RETURN_TYPE = YES_ERROR;
				GCC_WARN_UNDECLARED_SELECTOR = YES;
				GCC_WARN_UNINITIALIZED_AUTOS = YES_AGGRESSIVE;
				GCC_WARN_UNUSED_FUNCTION = YES;
				GCC_WARN_UNUSED_VARIABLE = YES;
				IPHONEOS_DEPLOYMENT_TARGET = 8.1;
				MTL_ENABLE_DEBUG_INFO = YES;
				ONLY_ACTIVE_ARCH = YES;
				SDKROOT = iphoneos;
				SWIFT_OPTIMIZATION_LEVEL = "-Onone";
			};
			name = Debug;
		};
		D86704E319FB496D00298F95 /* Release */ = {
			isa = XCBuildConfiguration;
			buildSettings = {
				ALWAYS_SEARCH_USER_PATHS = NO;
				CLANG_CXX_LANGUAGE_STANDARD = "gnu++0x";
				CLANG_CXX_LIBRARY = "libc++";
				CLANG_ENABLE_MODULES = YES;
				CLANG_ENABLE_OBJC_ARC = YES;
				CLANG_WARN_BOOL_CONVERSION = YES;
				CLANG_WARN_CONSTANT_CONVERSION = YES;
				CLANG_WARN_DIRECT_OBJC_ISA_USAGE = YES_ERROR;
				CLANG_WARN_EMPTY_BODY = YES;
				CLANG_WARN_ENUM_CONVERSION = YES;
				CLANG_WARN_INT_CONVERSION = YES;
				CLANG_WARN_OBJC_ROOT_CLASS = YES_ERROR;
				CLANG_WARN_UNREACHABLE_CODE = YES;
				CLANG_WARN__DUPLICATE_METHOD_MATCH = YES;
				"CODE_SIGN_IDENTITY[sdk=iphoneos*]" = "iPhone Developer";
				COPY_PHASE_STRIP = YES;
				ENABLE_NS_ASSERTIONS = NO;
				ENABLE_STRICT_OBJC_MSGSEND = YES;
				GCC_C_LANGUAGE_STANDARD = gnu99;
				GCC_WARN_64_TO_32_BIT_CONVERSION = YES;
				GCC_WARN_ABOUT_RETURN_TYPE = YES_ERROR;
				GCC_WARN_UNDECLARED_SELECTOR = YES;
				GCC_WARN_UNINITIALIZED_AUTOS = YES_AGGRESSIVE;
				GCC_WARN_UNUSED_FUNCTION = YES;
				GCC_WARN_UNUSED_VARIABLE = YES;
				IPHONEOS_DEPLOYMENT_TARGET = 8.1;
				MTL_ENABLE_DEBUG_INFO = NO;
				SDKROOT = iphoneos;
				VALIDATE_PRODUCT = YES;
			};
			name = Release;
		};
		D86704E519FB496D00298F95 /* Debug */ = {
			isa = XCBuildConfiguration;
			buildSettings = {
				ASSETCATALOG_COMPILER_APPICON_NAME = AppIcon;
				INFOPLIST_FILE = ourCounterApp/Info.plist;
				LD_RUNPATH_SEARCH_PATHS = "$(inherited) @executable_path/Frameworks";
				PRODUCT_NAME = "$(TARGET_NAME)";
			};
			name = Debug;
		};
		D86704E619FB496D00298F95 /* Release */ = {
			isa = XCBuildConfiguration;
			buildSettings = {
				ASSETCATALOG_COMPILER_APPICON_NAME = AppIcon;
				INFOPLIST_FILE = ourCounterApp/Info.plist;
				LD_RUNPATH_SEARCH_PATHS = "$(inherited) @executable_path/Frameworks";
				PRODUCT_NAME = "$(TARGET_NAME)";
			};
			name = Release;
		};
		D86704E819FB496D00298F95 /* Debug */ = {
			isa = XCBuildConfiguration;
			buildSettings = {
				BUNDLE_LOADER = "$(TEST_HOST)";
				FRAMEWORK_SEARCH_PATHS = (
					"$(SDKROOT)/Developer/Library/Frameworks",
					"$(inherited)",
				);
				GCC_PREPROCESSOR_DEFINITIONS = (
					"DEBUG=1",
					"$(inherited)",
				);
				INFOPLIST_FILE = ourCounterAppTests/Info.plist;
				LD_RUNPATH_SEARCH_PATHS = "$(inherited) @executable_path/Frameworks @loader_path/Frameworks";
				PRODUCT_NAME = "$(TARGET_NAME)";
				TEST_HOST = "$(BUILT_PRODUCTS_DIR)/ourCounterApp.app/ourCounterApp";
			};
			name = Debug;
		};
		D86704E919FB496D00298F95 /* Release */ = {
			isa = XCBuildConfiguration;
			buildSettings = {
				BUNDLE_LOADER = "$(TEST_HOST)";
				FRAMEWORK_SEARCH_PATHS = (
					"$(SDKROOT)/Developer/Library/Frameworks",
					"$(inherited)",
				);
				INFOPLIST_FILE = ourCounterAppTests/Info.plist;
				LD_RUNPATH_SEARCH_PATHS = "$(inherited) @executable_path/Frameworks @loader_path/Frameworks";
				PRODUCT_NAME = "$(TARGET_NAME)";
				TEST_HOST = "$(BUILT_PRODUCTS_DIR)/ourCounterApp.app/ourCounterApp";
			};
			name = Release;
		};
/* End XCBuildConfiguration section */

/* Begin XCConfigurationList section */
		D86704C019FB496B00298F95 /* Build configuration list for PBXProject "ourCounterApp" */ = {
			isa = XCConfigurationList;
			buildConfigurations = (
				D86704E219FB496D00298F95 /* Debug */,
				D86704E319FB496D00298F95 /* Release */,
			);
			defaultConfigurationIsVisible = 0;
			defaultConfigurationName = Release;
		};
		D86704E419FB496D00298F95 /* Build configuration list for PBXNativeTarget "ourCounterApp" */ = {
			isa = XCConfigurationList;
			buildConfigurations = (
				D86704E519FB496D00298F95 /* Debug */,
				D86704E619FB496D00298F95 /* Release */,
			);
			defaultConfigurationIsVisible = 0;
		};
		D86704E719FB496D00298F95 /* Build configuration list for PBXNativeTarget "ourCounterAppTests" */ = {
			isa = XCConfigurationList;
			buildConfigurations = (
				D86704E819FB496D00298F95 /* Debug */,
				D86704E919FB496D00298F95 /* Release */,
			);
			defaultConfigurationIsVisible = 0;
		};
/* End XCConfigurationList section */
	};
	rootObject = D86704BD19FB496B00298F95 /* Project object */;
}
